
Microsoft Visual Studio Solution File, Format Version 12.00
# Visual Studio Version 16
VisualStudioVersion = 16.0.28803.156
MinimumVisualStudioVersion = 10.0.40219.1
Project("{9A19103F-16F7-4668-BE54-9A1E7A4F7556}") = "PdfToCsv", "PdfToCsv\PdfToCsv.csproj", "{A169F693-03F1-4BD0-BAA7-1600E8D1966B}"
EndProject
Global
	GlobalSection(SolutionConfigurationPlatforms) = preSolution
		Debug|Any CPU = Debug|Any CPU
		Release|Any CPU = Release|Any CPU
	EndGlobalSection
	GlobalSection(ProjectConfigurationPlatforms) = postSolution
		{A169F693-03F1-4BD0-BAA7-1600E8D1966B}.Debug|Any CPU.ActiveCfg = Debug|Any CPU
		{A169F693-03F1-4BD0-BAA7-1600E8D1966B}.Debug|Any CPU.Build.0 = Debug|Any CPU
		{A169F693-03F1-4BD0-BAA7-1600E8D1966B}.Release|Any CPU.ActiveCfg = Release|Any CPU
		{A169F693-03F1-4BD0-BAA7-1600E8D1966B}.Release|Any CPU.Build.0 = Release|Any CPU
	EndGlobalSection
	GlobalSection(SolutionProperties) = preSolution
		HideSolutionNode = FALSE
	EndGlobalSection
	GlobalSection(ExtensibilityGlobals) = postSolution
		SolutionGuid = {61A15360-B0B6-4713-9661-34A1939762AA}
	EndGlobalSection
EndGlobal
